<?xml version="1.0" encoding="utf-8"?>
<Project ToolsVersion="4.0" xmlns="http://schemas.microsoft.com/developer/msbuild/2003">
  <ItemGroup>
    <Filter Include="ソース ファイル">
      <UniqueIdentifier>{4FC737F1-C7A5-4376-A066-2A32D752A2FF}</UniqueIdentifier>
      <Extensions>cpp;c;cc;cxx;c++;def;odl;idl;hpj;bat;asm;asmx</Extensions>
    </Filter>
    <Filter Include="ヘッダー ファイル">
      <UniqueIdentifier>{93995380-89BD-4b04-88EB-625FBE52EBFB}</UniqueIdentifier>
      <Extensions>h;hh;hpp;hxx;h++;hm;inl;inc;ipp;xsd</Extensions>
    </Filter>
    <Filter Include="リソース ファイル">
      <UniqueIdentifier>{67DA6AB6-F800-4c08-8B7A-83BB121AAD01}</UniqueIdentifier>
      <Extensions>rc;ico;cur;bmp;dlg;rc2;rct;bin;rgs;gif;jpg;jpeg;jpe;resx;tiff;tif;png;wav;mfcribbon-ms</Extensions>
    </Filter>
    <Filter Include="ソース ファイル\Oblect">
      <UniqueIdentifier>{709d817f-c0c5-4eb5-8b4c-ffe6f63c57ed}</UniqueIdentifier>
    </Filter>
    <Filter Include="ヘッダー ファイル\Object">
      <UniqueIdentifier>{d4f76c8e-35e2-48ac-8e5b-4980899023c1}</UniqueIdentifier>
    </Filter>
    <Filter Include="ソース ファイル\Mode">
      <UniqueIdentifier>{7ad5d6bc-ca49-4e78-96af-661d82bfd538}</UniqueIdentifier>
    </Filter>
    <Filter Include="ヘッダー ファイル\Mode">
      <UniqueIdentifier>{ed30d2ab-5072-4e58-85ca-6ec44d53d35d}</UniqueIdentifier>
    </Filter>
  </ItemGroup>
  <ItemGroup>
    <ClCompile Include="source\ApplicationMain.cpp">
      <Filter>ソース ファイル</Filter>
    </ClCompile>
    <ClCompile Include="source\Camera.cpp">
      <Filter>ソース ファイル</Filter>
    </ClCompile>
    <ClCompile Include="source\Stage.cpp">
      <Filter>ソース ファイル</Filter>
    </ClCompile>
    <ClCompile Include="source\ObjectBase.cpp">
      <Filter>ソース ファイル\Oblect</Filter>
    </ClCompile>
    <ClCompile Include="source\ObjectManager.cpp">
      <Filter>ソース ファイル\Oblect</Filter>
    </ClCompile>
    <ClCompile Include="source\ModeGame.cpp">
      <Filter>ソース ファイル\Mode</Filter>
    </ClCompile>
    <ClCompile Include="source\Enemy.cpp">
      <Filter>ソース ファイル</Filter>
    </ClCompile>
    <ClCompile Include="source\Astar.cpp">
      <Filter>ソース ファイル</Filter>
    </ClCompile>
    <ClCompile Include="source\Obstacle.cpp">
      <Filter>ソース ファイル</Filter>
    </ClCompile>
    <ClCompile Include="source\Player.cpp">
      <Filter>ソース ファイル</Filter>
    </ClCompile>
    <ClCompile Include="source\UI.cpp">
      <Filter>ソース ファイル</Filter>
    </ClCompile>
  </ItemGroup>
  <ItemGroup>
    <ClInclude Include="source\ApplicationMain.h">
      <Filter>ヘッダー ファイル</Filter>
    </ClInclude>
    <ClInclude Include="source\Stage.h">
      <Filter>ヘッダー ファイル</Filter>
    </ClInclude>
    <ClInclude Include="source\Camera.h">
      <Filter>ヘッダー ファイル</Filter>
    </ClInclude>
    <ClInclude Include="source\ObjectBase.h">
      <Filter>ヘッダー ファイル\Object</Filter>
    </ClInclude>
    <ClInclude Include="source\ObjectManager.h">
      <Filter>ヘッダー ファイル\Object</Filter>
    </ClInclude>
    <ClInclude Include="source\ModeGame.h">
      <Filter>ヘッダー ファイル\Mode</Filter>
    </ClInclude>
    <ClInclude Include="source\Enemy.h">
      <Filter>ヘッダー ファイル</Filter>
    </ClInclude>
    <ClInclude Include="source\Astar.h">
      <Filter>ヘッダー ファイル</Filter>
    </ClInclude>
    <ClInclude Include="source\Obstacle.h">
      <Filter>ヘッダー ファイル</Filter>
    </ClInclude>
    <ClInclude Include="source\Player.h">
      <Filter>ヘッダー ファイル</Filter>
    </ClInclude>
    <ClInclude Include="source\UI.h">
      <Filter>ヘッダー ファイル</Filter>
    </ClInclude>
  </ItemGroup>
</Project>